{
  "name": "tuigh",
  "version": "0.0.1",
  "lockfileVersion": 3,
  "requires": true,
  "packages": {
    "": {
      "name": "tuigh",
      "version": "0.0.1",
      "license": "MIT",
      "dependencies": {
        "tuipr": "^0.0.1"
      },
      "bin": {
        "tuigh": "bin/tuigh.mjs"
      },
      "engines": {
        "node": ">=20"
      }
    },
    "node_modules/tuipr": {
      "version": "0.0.1",
      "resolved": "https://registry.npmjs.org/tuipr/-/tuipr-0.0.1.tgz",
      "integrity": "sha512-uT5JlMRdEbS6/HTBx2dRRzdgBS7p7wSSvrTgMV0jbx0DSHLRKK8bMUg8joazTCVNleHgIoeHGttYUIBejPt/YQ==",
      "license": "MIT",
      "bin": {
        "tuipr": "bin/tuipr.mjs"
      },
      "engines": {
        "node": ">=20"
      }
    }
  }
}
